{
  "lockfile_version": "1",
  "packages": {
    "github:NixOS/nixpkgs/nixpkgs-unstable": {
      "resolved": "github:NixOS/nixpkgs/bfa9810ff7104a17555ab68ebdeafb6705f129b1?lastModified=1742546557&narHash=sha256-QyhimDBaDBtMfRc7kyL28vo%2BHTwXRPq3hz%2BBgSJDotw%3D"
    },
    "nodejs@23.9.0": {
      "last_modified": "2025-03-11T17:52:14Z",
      "plugin_version": "0.0.2",
      "resolved": "github:NixOS/nixpkgs/0d534853a55b5d02a4ababa1d71921ce8f0aee4c#nodejs_23",
      "source": "devbox-search",
      "version": "23.9.0",
      "systems": {
        "aarch64-darwin": {
          "outputs": [
            {
              "name": "out",
              "path": "/nix/store/9l10wmw90rm34bvywk35bhzyk2gj4p35-nodejs-23.9.0",
              "default": true
            },
            {
              "name": "libv8",
              "path": "/nix/store/1chpq1vc4i1y8mkd51svcgjwdax7f46s-nodejs-23.9.0-libv8"
            }
          ],
          "store_path": "/nix/store/9l10wmw90rm34bvywk35bhzyk2gj4p35-nodejs-23.9.0"
        },
        "aarch64-linux": {
          "outputs": [
            {
              "name": "out",
              "path": "/nix/store/ilsvh6jyc418brlgmsn4h2zv7ria9xjq-nodejs-23.9.0",
              "default": true
            },
            {
              "name": "libv8",
              "path": "/nix/store/308lkql416i82gps52832pr1v20bg02p-nodejs-23.9.0-libv8"
            }
          ],
          "store_path": "/nix/store/ilsvh6jyc418brlgmsn4h2zv7ria9xjq-nodejs-23.9.0"
        },
        "x86_64-darwin": {
          "outputs": [
            {
              "name": "out",
              "path": "/nix/store/526yv5a898wrq6jwjjmbjs4ic2y4979h-nodejs-23.9.0",
              "default": true
            },
            {
              "name": "libv8",
              "path": "/nix/store/8213gq3iqbfyxgmwkhf8yf2nx1mzp2aa-nodejs-23.9.0-libv8"
            }
          ],
          "store_path": "/nix/store/526yv5a898wrq6jwjjmbjs4ic2y4979h-nodejs-23.9.0"
        },
        "x86_64-linux": {
          "outputs": [
            {
              "name": "out",
              "path": "/nix/store/vrkmkzd2f1z6ywqc347p2szz0yvi9g02-nodejs-23.9.0",
              "default": true
            },
            {
              "name": "libv8",
              "path": "/nix/store/wk1nf6dradmfhmb3ws9dsqvxnj6dbgg5-nodejs-23.9.0-libv8"
            }
          ],
          "store_path": "/nix/store/vrkmkzd2f1z6ywqc347p2szz0yvi9g02-nodejs-23.9.0"
        }
      }
    },
    "pnpm@10.5.2": {
      "last_modified": "2025-03-02T11:46:57Z",
      "resolved": "github:NixOS/nixpkgs/b58e19b11fe72175fd7a9e014a4786a91e99da5f#pnpm",
      "source": "devbox-search",
      "version": "10.5.2",
      "systems": {
        "aarch64-darwin": {
          "outputs": [
            {
              "name": "out",
              "path": "/nix/store/4am7jn4i2zdbavf5wsvrnrch2g281clm-pnpm-10.5.2",
              "default": true
            }
          ],
          "store_path": "/nix/store/4am7jn4i2zdbavf5wsvrnrch2g281clm-pnpm-10.5.2"
        },
        "aarch64-linux": {
          "outputs": [
            {
              "name": "out",
              "path": "/nix/store/czsnfk0q4kwinyyfknbvqj1nk65dxxhz-pnpm-10.5.2",
              "default": true
            }
          ],
          "store_path": "/nix/store/czsnfk0q4kwinyyfknbvqj1nk65dxxhz-pnpm-10.5.2"
        },
        "x86_64-darwin": {
          "outputs": [
            {
              "name": "out",
              "path": "/nix/store/3niwypwhxnry5awvq5j0vplqrx568l66-pnpm-10.5.2",
              "default": true
            }
          ],
          "store_path": "/nix/store/3niwypwhxnry5awvq5j0vplqrx568l66-pnpm-10.5.2"
        },
        "x86_64-linux": {
          "outputs": [
            {
              "name": "out",
              "path": "/nix/store/1zbxqw7ahsnpqd2kkwfmh6j3wrh7wp24-pnpm-10.5.2",
              "default": true
            }
          ],
          "store_path": "/nix/store/1zbxqw7ahsnpqd2kkwfmh6j3wrh7wp24-pnpm-10.5.2"
        }
      }
    }
  }
}
